
Microsoft Visual Studio Solution File, Format Version 12.00
# Visual Studio Version 17
VisualStudioVersion = 17.4.33205.214
MinimumVisualStudioVersion = 10.0.40219.1
Project("{2150E333-8FDC-42A3-9474-1A3956D46DE8}") = "Solution Items", "Solution Items", "{4C6F2D64-5916-4490-AC8F-E52F1DA4A127}"
EndProject
Project("{2150E333-8FDC-42A3-9474-1A3956D46DE8}") = "2) Domain", "2) Domain", "{624F3035-4C81-4C7C-99E5-E4DCA586488B}"
EndProject
Project("{2150E333-8FDC-42A3-9474-1A3956D46DE8}") = "3) Application", "3) Application", "{7C0F4594-1D0C-422D-A724-1C4E84C7F1FD}"
EndProject
Project("{2150E333-8FDC-42A3-9474-1A3956D46DE8}") = "4) Infrastructure", "4) Infrastructure", "{33DB814A-EB47-4F3C-8DEB-2A353A927700}"
EndProject
Project("{2150E333-8FDC-42A3-9474-1A3956D46DE8}") = "1) Presentation", "1) Presentation", "{2EFC1308-AC8E-425F-90A2-6A9B8AB6B038}"
EndProject
Project("{2150E333-8FDC-42A3-9474-1A3956D46DE8}") = "5) Tests", "5) Tests", "{7A233ACE-DFEA-407C-A38E-9EA2C5B95215}"
EndProject
Project("{2150E333-8FDC-42A3-9474-1A3956D46DE8}") = "7) Misc", "7) Misc", "{A53D91F0-F0B4-4A20-9C48-71F9048AA89D}"
	ProjectSection(SolutionItems) = preProject
		TableDiagramExtension\Misc\AdventureWorksLT2014.bak = TableDiagramExtension\Misc\AdventureWorksLT2014.bak
		TableDiagramExtension\Misc\SqlWorkbench.Interfaces.dll = TableDiagramExtension\Misc\SqlWorkbench.Interfaces.dll
		TableDiagramExtension\Misc\Table dependency Diagram - User Guide.docx = TableDiagramExtension\Misc\Table dependency Diagram - User Guide.docx
	EndProjectSection
EndProject
Project("{9A19103F-16F7-4668-BE54-9A1E7A4F7556}") = "SsmsTableDependencyDiagram.MsTests", "SsmsTableDependencyDiagram.MsTests\SsmsTableDependencyDiagram.MsTests.csproj", "{4BC19B3C-DD89-4CDA-B2AF-B92496B1B3B2}"
EndProject
Project("{FAE04EC0-301F-11D3-BF4B-00C04F79EFBC}") = "SsmsTableDependencyDiagram.Infrastructure", "SsmsTableDependencyDiagram.Infrastructure\SsmsTableDependencyDiagram.Infrastructure.csproj", "{62161F2B-0289-4E8F-B717-BBAE8C9F6BAB}"
EndProject
Project("{FAE04EC0-301F-11D3-BF4B-00C04F79EFBC}") = "SsmsTableDependencyDiagram.Application", "SsmsTableDependencyDiagram.Application\SsmsTableDependencyDiagram.Application.csproj", "{322ECE1F-CED6-4733-9CAC-B216ECC1E421}"
EndProject
Project("{FAE04EC0-301F-11D3-BF4B-00C04F79EFBC}") = "SsmsTableDependencyDiagram.Domain", "SsmsTableDependencyDiagram.Domain\SsmsTableDependencyDiagram.Domain.csproj", "{DB76A4C5-D5CA-49F4-B75E-7BA721E09C5A}"
EndProject
Project("{FAE04EC0-301F-11D3-BF4B-00C04F79EFBC}") = "SsmsTableDependencyDiagram.Extension", "TableDiagramExtension\SsmsTableDependencyDiagram.Extension.csproj", "{69F3E40D-1BF9-4647-8EF0-13FAE6E51F02}"
EndProject
Global
	GlobalSection(SolutionConfigurationPlatforms) = preSolution
		Debug|Any CPU = Debug|Any CPU
		Debug|arm64 = Debug|arm64
		Debug|x86 = Debug|x86
		Release|Any CPU = Release|Any CPU
		Release|arm64 = Release|arm64
		Release|x86 = Release|x86
		Release-XML|Any CPU = Release-XML|Any CPU
		Release-XML|arm64 = Release-XML|arm64
		Release-XML|x86 = Release-XML|x86
	EndGlobalSection
	GlobalSection(ProjectConfigurationPlatforms) = postSolution
		{4BC19B3C-DD89-4CDA-B2AF-B92496B1B3B2}.Debug|Any CPU.ActiveCfg = Debug|Any CPU
		{4BC19B3C-DD89-4CDA-B2AF-B92496B1B3B2}.Debug|Any CPU.Build.0 = Debug|Any CPU
		{4BC19B3C-DD89-4CDA-B2AF-B92496B1B3B2}.Debug|arm64.ActiveCfg = Debug|Any CPU
		{4BC19B3C-DD89-4CDA-B2AF-B92496B1B3B2}.Debug|arm64.Build.0 = Debug|Any CPU
		{4BC19B3C-DD89-4CDA-B2AF-B92496B1B3B2}.Debug|x86.ActiveCfg = Debug|Any CPU
		{4BC19B3C-DD89-4CDA-B2AF-B92496B1B3B2}.Debug|x86.Build.0 = Debug|Any CPU
		{4BC19B3C-DD89-4CDA-B2AF-B92496B1B3B2}.Release|Any CPU.ActiveCfg = Release|Any CPU
		{4BC19B3C-DD89-4CDA-B2AF-B92496B1B3B2}.Release|Any CPU.Build.0 = Release|Any CPU
		{4BC19B3C-DD89-4CDA-B2AF-B92496B1B3B2}.Release|arm64.ActiveCfg = Release|Any CPU
		{4BC19B3C-DD89-4CDA-B2AF-B92496B1B3B2}.Release|arm64.Build.0 = Release|Any CPU
		{4BC19B3C-DD89-4CDA-B2AF-B92496B1B3B2}.Release|x86.ActiveCfg = Release|Any CPU
		{4BC19B3C-DD89-4CDA-B2AF-B92496B1B3B2}.Release|x86.Build.0 = Release|Any CPU
		{4BC19B3C-DD89-4CDA-B2AF-B92496B1B3B2}.Release-XML|Any CPU.ActiveCfg = Release|Any CPU
		{4BC19B3C-DD89-4CDA-B2AF-B92496B1B3B2}.Release-XML|Any CPU.Build.0 = Release|Any CPU
		{4BC19B3C-DD89-4CDA-B2AF-B92496B1B3B2}.Release-XML|arm64.ActiveCfg = Release|Any CPU
		{4BC19B3C-DD89-4CDA-B2AF-B92496B1B3B2}.Release-XML|arm64.Build.0 = Release|Any CPU
		{4BC19B3C-DD89-4CDA-B2AF-B92496B1B3B2}.Release-XML|x86.ActiveCfg = Release|Any CPU
		{4BC19B3C-DD89-4CDA-B2AF-B92496B1B3B2}.Release-XML|x86.Build.0 = Release|Any CPU
		{62161F2B-0289-4E8F-B717-BBAE8C9F6BAB}.Debug|Any CPU.ActiveCfg = Debug|Any CPU
		{62161F2B-0289-4E8F-B717-BBAE8C9F6BAB}.Debug|Any CPU.Build.0 = Debug|Any CPU
		{62161F2B-0289-4E8F-B717-BBAE8C9F6BAB}.Debug|arm64.ActiveCfg = Debug|Any CPU
		{62161F2B-0289-4E8F-B717-BBAE8C9F6BAB}.Debug|arm64.Build.0 = Debug|Any CPU
		{62161F2B-0289-4E8F-B717-BBAE8C9F6BAB}.Debug|x86.ActiveCfg = Debug|Any CPU
		{62161F2B-0289-4E8F-B717-BBAE8C9F6BAB}.Debug|x86.Build.0 = Debug|Any CPU
		{62161F2B-0289-4E8F-B717-BBAE8C9F6BAB}.Release|Any CPU.ActiveCfg = Release|Any CPU
		{62161F2B-0289-4E8F-B717-BBAE8C9F6BAB}.Release|Any CPU.Build.0 = Release|Any CPU
		{62161F2B-0289-4E8F-B717-BBAE8C9F6BAB}.Release|arm64.ActiveCfg = Release|Any CPU
		{62161F2B-0289-4E8F-B717-BBAE8C9F6BAB}.Release|arm64.Build.0 = Release|Any CPU
		{62161F2B-0289-4E8F-B717-BBAE8C9F6BAB}.Release|x86.ActiveCfg = Release|Any CPU
		{62161F2B-0289-4E8F-B717-BBAE8C9F6BAB}.Release|x86.Build.0 = Release|Any CPU
		{62161F2B-0289-4E8F-B717-BBAE8C9F6BAB}.Release-XML|Any CPU.ActiveCfg = Release|Any CPU
		{62161F2B-0289-4E8F-B717-BBAE8C9F6BAB}.Release-XML|Any CPU.Build.0 = Release|Any CPU
		{62161F2B-0289-4E8F-B717-BBAE8C9F6BAB}.Release-XML|arm64.ActiveCfg = Release|Any CPU
		{62161F2B-0289-4E8F-B717-BBAE8C9F6BAB}.Release-XML|arm64.Build.0 = Release|Any CPU
		{62161F2B-0289-4E8F-B717-BBAE8C9F6BAB}.Release-XML|x86.ActiveCfg = Release|Any CPU
		{62161F2B-0289-4E8F-B717-BBAE8C9F6BAB}.Release-XML|x86.Build.0 = Release|Any CPU
		{322ECE1F-CED6-4733-9CAC-B216ECC1E421}.Debug|Any CPU.ActiveCfg = Debug|Any CPU
		{322ECE1F-CED6-4733-9CAC-B216ECC1E421}.Debug|Any CPU.Build.0 = Debug|Any CPU
		{322ECE1F-CED6-4733-9CAC-B216ECC1E421}.Debug|arm64.ActiveCfg = Debug|Any CPU
		{322ECE1F-CED6-4733-9CAC-B216ECC1E421}.Debug|arm64.Build.0 = Debug|Any CPU
		{322ECE1F-CED6-4733-9CAC-B216ECC1E421}.Debug|x86.ActiveCfg = Debug|Any CPU
		{322ECE1F-CED6-4733-9CAC-B216ECC1E421}.Debug|x86.Build.0 = Debug|Any CPU
		{322ECE1F-CED6-4733-9CAC-B216ECC1E421}.Release|Any CPU.ActiveCfg = Release|Any CPU
		{322ECE1F-CED6-4733-9CAC-B216ECC1E421}.Release|Any CPU.Build.0 = Release|Any CPU
		{322ECE1F-CED6-4733-9CAC-B216ECC1E421}.Release|arm64.ActiveCfg = Release|Any CPU
		{322ECE1F-CED6-4733-9CAC-B216ECC1E421}.Release|arm64.Build.0 = Release|Any CPU
		{322ECE1F-CED6-4733-9CAC-B216ECC1E421}.Release|x86.ActiveCfg = Release|Any CPU
		{322ECE1F-CED6-4733-9CAC-B216ECC1E421}.Release|x86.Build.0 = Release|Any CPU
		{322ECE1F-CED6-4733-9CAC-B216ECC1E421}.Release-XML|Any CPU.ActiveCfg = Release|Any CPU
		{322ECE1F-CED6-4733-9CAC-B216ECC1E421}.Release-XML|Any CPU.Build.0 = Release|Any CPU
		{322ECE1F-CED6-4733-9CAC-B216ECC1E421}.Release-XML|arm64.ActiveCfg = Release|Any CPU
		{322ECE1F-CED6-4733-9CAC-B216ECC1E421}.Release-XML|arm64.Build.0 = Release|Any CPU
		{322ECE1F-CED6-4733-9CAC-B216ECC1E421}.Release-XML|x86.ActiveCfg = Release|Any CPU
		{322ECE1F-CED6-4733-9CAC-B216ECC1E421}.Release-XML|x86.Build.0 = Release|Any CPU
		{DB76A4C5-D5CA-49F4-B75E-7BA721E09C5A}.Debug|Any CPU.ActiveCfg = Debug|Any CPU
		{DB76A4C5-D5CA-49F4-B75E-7BA721E09C5A}.Debug|Any CPU.Build.0 = Debug|Any CPU
		{DB76A4C5-D5CA-49F4-B75E-7BA721E09C5A}.Debug|arm64.ActiveCfg = Debug|Any CPU
		{DB76A4C5-D5CA-49F4-B75E-7BA721E09C5A}.Debug|arm64.Build.0 = Debug|Any CPU
		{DB76A4C5-D5CA-49F4-B75E-7BA721E09C5A}.Debug|x86.ActiveCfg = Debug|Any CPU
		{DB76A4C5-D5CA-49F4-B75E-7BA721E09C5A}.Debug|x86.Build.0 = Debug|Any CPU
		{DB76A4C5-D5CA-49F4-B75E-7BA721E09C5A}.Release|Any CPU.ActiveCfg = Release|Any CPU
		{DB76A4C5-D5CA-49F4-B75E-7BA721E09C5A}.Release|Any CPU.Build.0 = Release|Any CPU
		{DB76A4C5-D5CA-49F4-B75E-7BA721E09C5A}.Release|arm64.ActiveCfg = Release|Any CPU
		{DB76A4C5-D5CA-49F4-B75E-7BA721E09C5A}.Release|arm64.Build.0 = Release|Any CPU
		{DB76A4C5-D5CA-49F4-B75E-7BA721E09C5A}.Release|x86.ActiveCfg = Release|Any CPU
		{DB76A4C5-D5CA-49F4-B75E-7BA721E09C5A}.Release|x86.Build.0 = Release|Any CPU
		{DB76A4C5-D5CA-49F4-B75E-7BA721E09C5A}.Release-XML|Any CPU.ActiveCfg = Release|Any CPU
		{DB76A4C5-D5CA-49F4-B75E-7BA721E09C5A}.Release-XML|Any CPU.Build.0 = Release|Any CPU
		{DB76A4C5-D5CA-49F4-B75E-7BA721E09C5A}.Release-XML|arm64.ActiveCfg = Release|Any CPU
		{DB76A4C5-D5CA-49F4-B75E-7BA721E09C5A}.Release-XML|arm64.Build.0 = Release|Any CPU
		{DB76A4C5-D5CA-49F4-B75E-7BA721E09C5A}.Release-XML|x86.ActiveCfg = Release|Any CPU
		{DB76A4C5-D5CA-49F4-B75E-7BA721E09C5A}.Release-XML|x86.Build.0 = Release|Any CPU
		{69F3E40D-1BF9-4647-8EF0-13FAE6E51F02}.Debug|Any CPU.ActiveCfg = Debug|Any CPU
		{69F3E40D-1BF9-4647-8EF0-13FAE6E51F02}.Debug|Any CPU.Build.0 = Debug|Any CPU
		{69F3E40D-1BF9-4647-8EF0-13FAE6E51F02}.Debug|arm64.ActiveCfg = Debug|Any CPU
		{69F3E40D-1BF9-4647-8EF0-13FAE6E51F02}.Debug|arm64.Build.0 = Debug|Any CPU
		{69F3E40D-1BF9-4647-8EF0-13FAE6E51F02}.Debug|x86.ActiveCfg = Debug|x86
		{69F3E40D-1BF9-4647-8EF0-13FAE6E51F02}.Debug|x86.Build.0 = Debug|x86
		{69F3E40D-1BF9-4647-8EF0-13FAE6E51F02}.Release|Any CPU.ActiveCfg = Release|Any CPU
		{69F3E40D-1BF9-4647-8EF0-13FAE6E51F02}.Release|Any CPU.Build.0 = Release|Any CPU
		{69F3E40D-1BF9-4647-8EF0-13FAE6E51F02}.Release|arm64.ActiveCfg = Release|Any CPU
		{69F3E40D-1BF9-4647-8EF0-13FAE6E51F02}.Release|arm64.Build.0 = Release|Any CPU
		{69F3E40D-1BF9-4647-8EF0-13FAE6E51F02}.Release|x86.ActiveCfg = Release|x86
		{69F3E40D-1BF9-4647-8EF0-13FAE6E51F02}.Release|x86.Build.0 = Release|x86
		{69F3E40D-1BF9-4647-8EF0-13FAE6E51F02}.Release-XML|Any CPU.ActiveCfg = Release|Any CPU
		{69F3E40D-1BF9-4647-8EF0-13FAE6E51F02}.Release-XML|Any CPU.Build.0 = Release|Any CPU
		{69F3E40D-1BF9-4647-8EF0-13FAE6E51F02}.Release-XML|arm64.ActiveCfg = Release|Any CPU
		{69F3E40D-1BF9-4647-8EF0-13FAE6E51F02}.Release-XML|arm64.Build.0 = Release|Any CPU
		{69F3E40D-1BF9-4647-8EF0-13FAE6E51F02}.Release-XML|x86.ActiveCfg = Release|x86
		{69F3E40D-1BF9-4647-8EF0-13FAE6E51F02}.Release-XML|x86.Build.0 = Release|x86
	EndGlobalSection
	GlobalSection(SolutionProperties) = preSolution
		HideSolutionNode = FALSE
	EndGlobalSection
	GlobalSection(NestedProjects) = preSolution
		{4BC19B3C-DD89-4CDA-B2AF-B92496B1B3B2} = {7A233ACE-DFEA-407C-A38E-9EA2C5B95215}
		{62161F2B-0289-4E8F-B717-BBAE8C9F6BAB} = {33DB814A-EB47-4F3C-8DEB-2A353A927700}
		{322ECE1F-CED6-4733-9CAC-B216ECC1E421} = {7C0F4594-1D0C-422D-A724-1C4E84C7F1FD}
		{DB76A4C5-D5CA-49F4-B75E-7BA721E09C5A} = {624F3035-4C81-4C7C-99E5-E4DCA586488B}
		{69F3E40D-1BF9-4647-8EF0-13FAE6E51F02} = {2EFC1308-AC8E-425F-90A2-6A9B8AB6B038}
	EndGlobalSection
	GlobalSection(ExtensibilityGlobals) = postSolution
		SolutionGuid = {AB22F1D8-F277-499D-AE3F-E5AA7CC22269}
	EndGlobalSection
EndGlobal
